// !$*UTF8*$!
{
	archiveVersion = 1;
	classes = {
	};
	objectVersion = 55;
	objects = {

/* Begin PBXBuildFile section */
		6D079667282D064100E20DAA /* QuestionViewController.swift in Sources */ = {isa = PBXBuildFile; fileRef = 6D079666282D064100E20DAA /* QuestionViewController.swift */; };
		6D079669282D064900E20DAA /* FinishViewController.swift in Sources */ = {isa = PBXBuildFile; fileRef = 6D079668282D064900E20DAA /* FinishViewController.swift */; };
		6D07966D282D065D00E20DAA /* AddViewController.swift in Sources */ = {isa = PBXBuildFile; fileRef = 6D07966C282D065D00E20DAA /* AddViewController.swift */; };
		6D07966F282D06C900E20DAA /* ListTableViewController.swift in Sources */ = {isa = PBXBuildFile; fileRef = 6D07966E282D06C900E20DAA /* ListTableViewController.swift */; };
		6D079671282D0A7500E20DAA /* ListTableViewCell.swift in Sources */ = {isa = PBXBuildFile; fileRef = 6D079670282D0A7500E20DAA /* ListTableViewCell.swift */; };
		6DA823E6282D02500060CA48 /* AppDelegate.swift in Sources */ = {isa = PBXBuildFile; fileRef = 6DA823E5282D02500060CA48 /* AppDelegate.swift */; };
		6DA823E8282D02500060CA48 /* SceneDelegate.swift in Sources */ = {isa = PBXBuildFile; fileRef = 6DA823E7282D02500060CA48 /* SceneDelegate.swift */; };
		6DA823EA282D02500060CA48 /* ViewController.swift in Sources */ = {isa = PBXBuildFile; fileRef = 6DA823E9282D02500060CA48 /* ViewController.swift */; };
		6DA823ED282D02500060CA48 /* Main.storyboard in Resources */ = {isa = PBXBuildFile; fileRef = 6DA823EB282D02500060CA48 /* Main.storyboard */; };
		6DA823EF282D02500060CA48 /* Assets.xcassets in Resources */ = {isa = PBXBuildFile; fileRef = 6DA823EE282D02500060CA48 /* Assets.xcassets */; };
		6DA823F2282D02500060CA48 /* LaunchScreen.storyboard in Resources */ = {isa = PBXBuildFile; fileRef = 6DA823F0282D02500060CA48 /* LaunchScreen.storyboard */; };
		6DA823FD282D02840060CA48 /* word_blank.png in Resources */ = {isa = PBXBuildFile; fileRef = 6DA823FA282D02840060CA48 /* word_blank.png */; };
		6DA823FE282D02840060CA48 /* fin.png in Resources */ = {isa = PBXBuildFile; fileRef = 6DA823FB282D02840060CA48 /* fin.png */; };
		6DA823FF282D02840060CA48 /* title_logo.png in Resources */ = {isa = PBXBuildFile; fileRef = 6DA823FC282D02840060CA48 /* title_logo.png */; };
/* End PBXBuildFile section */

/* Begin PBXFileReference section */
		6D079666282D064100E20DAA /* QuestionViewController.swift */ = {isa = PBXFileReference; lastKnownFileType = sourcecode.swift; path = QuestionViewController.swift; sourceTree = "<group>"; };
		6D079668282D064900E20DAA /* FinishViewController.swift */ = {isa = PBXFileReference; lastKnownFileType = sourcecode.swift; path = FinishViewController.swift; sourceTree = "<group>"; };
		6D07966C282D065D00E20DAA /* AddViewController.swift */ = {isa = PBXFileReference; lastKnownFileType = sourcecode.swift; path = AddViewController.swift; sourceTree = "<group>"; };
		6D07966E282D06C900E20DAA /* ListTableViewController.swift */ = {isa = PBXFileReference; lastKnownFileType = sourcecode.swift; path = ListTableViewController.swift; sourceTree = "<group>"; };
		6D079670282D0A7500E20DAA /* ListTableViewCell.swift */ = {isa = PBXFileReference; lastKnownFileType = sourcecode.swift; path = ListTableViewCell.swift; sourceTree = "<group>"; };
		6DA823E2282D02500060CA48 /* AS_09_word.app */ = {isa = PBXFileReference; explicitFileType = wrapper.application; includeInIndex = 0; path = AS_09_word.app; sourceTree = BUILT_PRODUCTS_DIR; };
		6DA823E5282D02500060CA48 /* AppDelegate.swift */ = {isa = PBXFileReference; lastKnownFileType = sourcecode.swift; path = AppDelegate.swift; sourceTree = "<group>"; };
		6DA823E7282D02500060CA48 /* SceneDelegate.swift */ = {isa = PBXFileReference; lastKnownFileType = sourcecode.swift; path = SceneDelegate.swift; sourceTree = "<group>"; };
		6DA823E9282D02500060CA48 /* ViewController.swift */ = {isa = PBXFileReference; lastKnownFileType = sourcecode.swift; path = ViewController.swift; sourceTree = "<group>"; };
		6DA823EC282D02500060CA48 /* Base */ = {isa = PBXFileReference; lastKnownFileType = file.storyboard; name = Base; path = Base.lproj/Main.storyboard; sourceTree = "<group>"; };
		6DA823EE282D02500060CA48 /* Assets.xcassets */ = {isa = PBXFileReference; lastKnownFileType = folder.assetcatalog; path = Assets.xcassets; sourceTree = "<group>"; };
		6DA823F1282D02500060CA48 /* Base */ = {isa = PBXFileReference; lastKnownFileType = file.storyboard; name = Base; path = Base.lproj/LaunchScreen.storyboard; sourceTree = "<group>"; };
		6DA823F3282D02500060CA48 /* Info.plist */ = {isa = PBXFileReference; lastKnownFileType = text.plist.xml; path = Info.plist; sourceTree = "<group>"; };
		6DA823FA282D02840060CA48 /* word_blank.png */ = {isa = PBXFileReference; lastKnownFileType = image.png; path = word_blank.png; sourceTree = "<group>"; };
		6DA823FB282D02840060CA48 /* fin.png */ = {isa = PBXFileReference; lastKnownFileType = image.png; path = fin.png; sourceTree = "<group>"; };
		6DA823FC282D02840060CA48 /* title_logo.png */ = {isa = PBXFileReference; lastKnownFileType = image.png; path = title_logo.png; sourceTree = "<group>"; };
/* End PBXFileReference section */

/* Begin PBXFrameworksBuildPhase section */
		6DA823DF282D02500060CA48 /* Frameworks */ = {
			isa = PBXFrameworksBuildPhase;
			buildActionMask = 2147483647;
			files = (
			);
			runOnlyForDeploymentPostprocessing = 0;
		};
/* End PBXFrameworksBuildPhase section */

/* Begin PBXGroup section */
		6DA823D9282D02500060CA48 = {
			isa = PBXGroup;
			children = (
				6DA823E4282D02500060CA48 /* AS_09_word */,
				6DA823E3282D02500060CA48 /* Products */,
			);
			sourceTree = "<group>";
		};
		6DA823E3282D02500060CA48 /* Products */ = {
			isa = PBXGroup;
			children = (
				6DA823E2282D02500060CA48 /* AS_09_word.app */,
			);
			name = Products;
			sourceTree = "<group>";
		};
		6DA823E4282D02500060CA48 /* AS_09_word */ = {
			isa = PBXGroup;
			children = (
				6DA823E5282D02500060CA48 /* AppDelegate.swift */,
				6DA823E7282D02500060CA48 /* SceneDelegate.swift */,
				6DA823EB282D02500060CA48 /* Main.storyboard */,
				6D079670282D0A7500E20DAA /* ListTableViewCell.swift */,
				6D07966E282D06C900E20DAA /* ListTableViewController.swift */,
				6DA823E9282D02500060CA48 /* ViewController.swift */,
				6D079666282D064100E20DAA /* QuestionViewController.swift */,
				6D079668282D064900E20DAA /* FinishViewController.swift */,
				6D07966C282D065D00E20DAA /* AddViewController.swift */,
				6DA823EE282D02500060CA48 /* Assets.xcassets */,
				6DA823F0282D02500060CA48 /* LaunchScreen.storyboard */,
				6DA823F3282D02500060CA48 /* Info.plist */,
				6DA823F9282D02840060CA48 /* WordList素材 */,
			);
			path = AS_09_word;
			sourceTree = "<group>";
		};
		6DA823F9282D02840060CA48 /* WordList素材 */ = {
			isa = PBXGroup;
			children = (
				6DA823FA282D02840060CA48 /* word_blank.png */,
				6DA823FB282D02840060CA48 /* fin.png */,
				6DA823FC282D02840060CA48 /* title_logo.png */,
			);
			path = "WordList素材";
			sourceTree = "<group>";
		};
/* End PBXGroup section */

/* Begin PBXNativeTarget section */
		6DA823E1282D02500060CA48 /* AS_09_word */ = {
			isa = PBXNativeTarget;
			buildConfigurationList = 6DA823F6282D02500060CA48 /* Build configuration list for PBXNativeTarget "AS_09_word" */;
			buildPhases = (
				6DA823DE282D02500060CA48 /* Sources */,
				6DA823DF282D02500060CA48 /* Frameworks */,
				6DA823E0282D02500060CA48 /* Resources */,
			);
			buildRules = (
			);
			dependencies = (
			);
			name = AS_09_word;
			productName = AS_09_word;
			productReference = 6DA823E2282D02500060CA48 /* AS_09_word.app */;
			productType = "com.apple.product-type.application";
		};
/* End PBXNativeTarget section */

/* Begin PBXProject section */
		6DA823DA282D02500060CA48 /* Project object */ = {
			isa = PBXProject;
			attributes = {
				BuildIndependentTargetsInParallel = 1;
				LastSwiftUpdateCheck = 1330;
				LastUpgradeCheck = 1330;
				TargetAttributes = {
					6DA823E1282D02500060CA48 = {
						CreatedOnToolsVersion = 13.3.1;
					};
				};
			};
			buildConfigurationList = 6DA823DD282D02500060CA48 /* Build configuration list for PBXProject "AS_09_word" */;
			compatibilityVersion = "Xcode 13.0";
			developmentRegion = en;
			hasScannedForEncodings = 0;
			knownRegions = (
				en,
				Base,
			);
			mainGroup = 6DA823D9282D02500060CA48;
			productRefGroup = 6DA823E3282D02500060CA48 /* Products */;
			projectDirPath = "";
			projectRoot = "";
			targets = (
				6DA823E1282D02500060CA48 /* AS_09_word */,
			);
		};
/* End PBXProject section */

/* Begin PBXResourcesBuildPhase section */
		6DA823E0282D02500060CA48 /* Resources */ = {
			isa = PBXResourcesBuildPhase;
			buildActionMask = 2147483647;
			files = (
				6DA823FD282D02840060CA48 /* word_blank.png in Resources */,
				6DA823FF282D02840060CA48 /* title_logo.png in Resources */,
				6DA823F2282D02500060CA48 /* LaunchScreen.storyboard in Resources */,
				6DA823EF282D02500060CA48 /* Assets.xcassets in Resources */,
				6DA823FE282D02840060CA48 /* fin.png in Resources */,
				6DA823ED282D02500060CA48 /* Main.storyboard in Resources */,
			);
			runOnlyForDeploymentPostprocessing = 0;
		};
/* End PBXResourcesBuildPhase section */

/* Begin PBXSourcesBuildPhase section */
		6DA823DE282D02500060CA48 /* Sources */ = {
			isa = PBXSourcesBuildPhase;
			buildActionMask = 2147483647;
			files = (
				6D079669282D064900E20DAA /* FinishViewController.swift in Sources */,
				6D079671282D0A7500E20DAA /* ListTableViewCell.swift in Sources */,
				6DA823EA282D02500060CA48 /* ViewController.swift in Sources */,
				6D07966D282D065D00E20DAA /* AddViewController.swift in Sources */,
				6DA823E6282D02500060CA48 /* AppDelegate.swift in Sources */,
				6D079667282D064100E20DAA /* QuestionViewController.swift in Sources */,
				6DA823E8282D02500060CA48 /* SceneDelegate.swift in Sources */,
				6D07966F282D06C900E20DAA /* ListTableViewController.swift in Sources */,
			);
			runOnlyForDeploymentPostprocessing = 0;
		};
/* End PBXSourcesBuildPhase section */

/* Begin PBXVariantGroup section */
		6DA823EB282D02500060CA48 /* Main.storyboard */ = {
			isa = PBXVariantGroup;
			children = (
				6DA823EC282D02500060CA48 /* Base */,
			);
			name = Main.storyboard;
			sourceTree = "<group>";
		};
		6DA823F0282D02500060CA48 /* LaunchScreen.storyboard */ = {
			isa = PBXVariantGroup;
			children = (
				6DA823F1282D02500060CA48 /* Base */,
			);
			name = LaunchScreen.storyboard;
			sourceTree = "<group>";
		};
/* End PBXVariantGroup section */

/* Begin XCBuildConfiguration section */
		6DA823F4282D02500060CA48 /* Debug */ = {
			isa = XCBuildConfiguration;
			buildSettings = {
				ALWAYS_SEARCH_USER_PATHS = NO;
				CLANG_ANALYZER_NONNULL = YES;
				CLANG_ANALYZER_NUMBER_OBJECT_CONVERSION = YES_AGGRESSIVE;
				CLANG_CXX_LANGUAGE_STANDARD = "gnu++17";
				CLANG_ENABLE_MODULES = YES;
				CLANG_ENABLE_OBJC_ARC = YES;
				CLANG_ENABLE_OBJC_WEAK = YES;
				CLANG_WARN_BLOCK_CAPTURE_AUTORELEASING = YES;
				CLANG_WARN_BOOL_CONVERSION = YES;
				CLANG_WARN_COMMA = YES;
				CLANG_WARN_CONSTANT_CONVERSION = YES;
				CLANG_WARN_DEPRECATED_OBJC_IMPLEMENTATIONS = YES;
				CLANG_WARN_DIRECT_OBJC_ISA_USAGE = YES_ERROR;
				CLANG_WARN_DOCUMENTATION_COMMENTS = YES;
				CLANG_WARN_EMPTY_BODY = YES;
				CLANG_WARN_ENUM_CONVERSION = YES;
				CLANG_WARN_INFINITE_RECURSION = YES;
				CLANG_WARN_INT_CONVERSION = YES;
				CLANG_WARN_NON_LITERAL_NULL_CONVERSION = YES;
				CLANG_WARN_OBJC_IMPLICIT_RETAIN_SELF = YES;
				CLANG_WARN_OBJC_LITERAL_CONVERSION = YES;
				CLANG_WARN_OBJC_ROOT_CLASS = YES_ERROR;
				CLANG_WARN_QUOTED_INCLUDE_IN_FRAMEWORK_HEADER = YES;
				CLANG_WARN_RANGE_LOOP_ANALYSIS = YES;
				CLANG_WARN_STRICT_PROTOTYPES = YES;
				CLANG_WARN_SUSPICIOUS_MOVE = YES;
				CLANG_WARN_UNGUARDED_AVAILABILITY = YES_AGGRESSIVE;
				CLANG_WARN_UNREACHABLE_CODE = YES;
				CLANG_WARN__DUPLICATE_METHOD_MATCH = YES;
				COPY_PHASE_STRIP = NO;
				DEBUG_INFORMATION_FORMAT = dwarf;
				ENABLE_STRICT_OBJC_MSGSEND = YES;
				ENABLE_TESTABILITY = YES;
				GCC_C_LANGUAGE_STANDARD = gnu11;
				GCC_DYNAMIC_NO_PIC = NO;
				GCC_NO_COMMON_BLOCKS = YES;
				GCC_OPTIMIZATION_LEVEL = 0;
				GCC_PREPROCESSOR_DEFINITIONS = (
					"DEBUG=1",
					"$(inherited)",
				);
				GCC_WARN_64_TO_32_BIT_CONVERSION = YES;
				GCC_WARN_ABOUT_RETURN_TYPE = YES_ERROR;
				GCC_WARN_UNDECLARED_SELECTOR = YES;
				GCC_WARN_UNINITIALIZED_AUTOS = YES_AGGRESSIVE;
				GCC_WARN_UNUSED_FUNCTION = YES;
				GCC_WARN_UNUSED_VARIABLE = YES;
				IPHONEOS_DEPLOYMENT_TARGET = 15.4;
				MTL_ENABLE_DEBUG_INFO = INCLUDE_SOURCE;
				MTL_FAST_MATH = YES;
				ONLY_ACTIVE_ARCH = YES;
				SDKROOT = iphoneos;
				SWIFT_ACTIVE_COMPILATION_CONDITIONS = DEBUG;
				SWIFT_OPTIMIZATION_LEVEL = "-Onone";
			};
			name = Debug;
		};
		6DA823F5282D02500060CA48 /* Release */ = {
			isa = XCBuildConfiguration;
			buildSettings = {
				ALWAYS_SEARCH_USER_PATHS = NO;
				CLANG_ANALYZER_NONNULL = YES;
				CLANG_ANALYZER_NUMBER_OBJECT_CONVERSION = YES_AGGRESSIVE;
				CLANG_CXX_LANGUAGE_STANDARD = "gnu++17";
				CLANG_ENABLE_MODULES = YES;
				CLANG_ENABLE_OBJC_ARC = YES;
				CLANG_ENABLE_OBJC_WEAK = YES;
				CLANG_WARN_BLOCK_CAPTURE_AUTORELEASING = YES;
				CLANG_WARN_BOOL_CONVERSION = YES;
				CLANG_WARN_COMMA = YES;
				CLANG_WARN_CONSTANT_CONVERSION = YES;
				CLANG_WARN_DEPRECATED_OBJC_IMPLEMENTATIONS = YES;
				CLANG_WARN_DIRECT_OBJC_ISA_USAGE = YES_ERROR;
				CLANG_WARN_DOCUMENTATION_COMMENTS = YES;
				CLANG_WARN_EMPTY_BODY = YES;
				CLANG_WARN_ENUM_CONVERSION = YES;
				CLANG_WARN_INFINITE_RECURSION = YES;
				CLANG_WARN_INT_CONVERSION = YES;
				CLANG_WARN_NON_LITERAL_NULL_CONVERSION = YES;
				CLANG_WARN_OBJC_IMPLICIT_RETAIN_SELF = YES;
				CLANG_WARN_OBJC_LITERAL_CONVERSION = YES;
				CLANG_WARN_OBJC_ROOT_CLASS = YES_ERROR;
				CLANG_WARN_QUOTED_INCLUDE_IN_FRAMEWORK_HEADER = YES;
				CLANG_WARN_RANGE_LOOP_ANALYSIS = YES;
				CLANG_WARN_STRICT_PROTOTYPES = YES;
				CLANG_WARN_SUSPICIOUS_MOVE = YES;
				CLANG_WARN_UNGUARDED_AVAILABILITY = YES_AGGRESSIVE;
				CLANG_WARN_UNREACHABLE_CODE = YES;
				CLANG_WARN__DUPLICATE_METHOD_MATCH = YES;
				COPY_PHASE_STRIP = NO;
				DEBUG_INFORMATION_FORMAT = "dwarf-with-dsym";
				ENABLE_NS_ASSERTIONS = NO;
				ENABLE_STRICT_OBJC_MSGSEND = YES;
				GCC_C_LANGUAGE_STANDARD = gnu11;
				GCC_NO_COMMON_BLOCKS = YES;
				GCC_WARN_64_TO_32_BIT_CONVERSION = YES;
				GCC_WARN_ABOUT_RETURN_TYPE = YES_ERROR;
				GCC_WARN_UNDECLARED_SELECTOR = YES;
				GCC_WARN_UNINITIALIZED_AUTOS = YES_AGGRESSIVE;
				GCC_WARN_UNUSED_FUNCTION = YES;
				GCC_WARN_UNUSED_VARIABLE = YES;
				IPHONEOS_DEPLOYMENT_TARGET = 15.4;
				MTL_ENABLE_DEBUG_INFO = NO;
				MTL_FAST_MATH = YES;
				SDKROOT = iphoneos;
				SWIFT_COMPILATION_MODE = wholemodule;
				SWIFT_OPTIMIZATION_LEVEL = "-O";
				VALIDATE_PRODUCT = YES;
			};
			name = Release;
		};
		6DA823F7282D02500060CA48 /* Debug */ = {
			isa = XCBuildConfiguration;
			buildSettings = {
				ASSETCATALOG_COMPILER_APPICON_NAME = AppIcon;
				ASSETCATALOG_COMPILER_GLOBAL_ACCENT_COLOR_NAME = AccentColor;
				CODE_SIGN_STYLE = Automatic;
				CURRENT_PROJECT_VERSION = 1;
				DEVELOPMENT_TEAM = 93LJ9T3CBB;
				GENERATE_INFOPLIST_FILE = YES;
				INFOPLIST_FILE = AS_09_word/Info.plist;
				INFOPLIST_KEY_UIApplicationSupportsIndirectInputEvents = YES;
				INFOPLIST_KEY_UILaunchStoryboardName = LaunchScreen;
				INFOPLIST_KEY_UIMainStoryboardFile = Main;
				INFOPLIST_KEY_UISupportedInterfaceOrientations_iPad = "UIInterfaceOrientationPortrait UIInterfaceOrientationPortraitUpsideDown UIInterfaceOrientationLandscapeLeft UIInterfaceOrientationLandscapeRight";
				INFOPLIST_KEY_UISupportedInterfaceOrientations_iPhone = "UIInterfaceOrientationPortrait UIInterfaceOrientationLandscapeLeft UIInterfaceOrientationLandscapeRight";
				LD_RUNPATH_SEARCH_PATHS = (
					"$(inherited)",
					"@executable_path/Frameworks",
				);
				MARKETING_VERSION = 1.0;
				PRODUCT_BUNDLE_IDENTIFIER = "AtsushiHosaka.AS-09-word";
				PRODUCT_NAME = "$(TARGET_NAME)";
				SWIFT_EMIT_LOC_STRINGS = YES;
				SWIFT_VERSION = 5.0;
				TARGETED_DEVICE_FAMILY = "1,2";
			};
			name = Debug;
		};
		6DA823F8282D02500060CA48 /* Release */ = {
			isa = XCBuildConfiguration;
			buildSettings = {
				ASSETCATALOG_COMPILER_APPICON_NAME = AppIcon;
				ASSETCATALOG_COMPILER_GLOBAL_ACCENT_COLOR_NAME = AccentColor;
				CODE_SIGN_STYLE = Automatic;
				CURRENT_PROJECT_VERSION = 1;
				DEVELOPMENT_TEAM = 93LJ9T3CBB;
				GENERATE_INFOPLIST_FILE = YES;
				INFOPLIST_FILE = AS_09_word/Info.plist;
				INFOPLIST_KEY_UIApplicationSupportsIndirectInputEvents = YES;
				INFOPLIST_KEY_UILaunchStoryboardName = LaunchScreen;
				INFOPLIST_KEY_UIMainStoryboardFile = Main;
				INFOPLIST_KEY_UISupportedInterfaceOrientations_iPad = "UIInterfaceOrientationPortrait UIInterfaceOrientationPortraitUpsideDown UIInterfaceOrientationLandscapeLeft UIInterfaceOrientationLandscapeRight";
				INFOPLIST_KEY_UISupportedInterfaceOrientations_iPhone = "UIInterfaceOrientationPortrait UIInterfaceOrientationLandscapeLeft UIInterfaceOrientationLandscapeRight";
				LD_RUNPATH_SEARCH_PATHS = (
					"$(inherited)",
					"@executable_path/Frameworks",
				);
				MARKETING_VERSION = 1.0;
				PRODUCT_BUNDLE_IDENTIFIER = "AtsushiHosaka.AS-09-word";
				PRODUCT_NAME = "$(TARGET_NAME)";
				SWIFT_EMIT_LOC_STRINGS = YES;
				SWIFT_VERSION = 5.0;
				TARGETED_DEVICE_FAMILY = "1,2";
			};
			name = Release;
		};
/* End XCBuildConfiguration section */

/* Begin XCConfigurationList section */
		6DA823DD282D02500060CA48 /* Build configuration list for PBXProject "AS_09_word" */ = {
			isa = XCConfigurationList;
			buildConfigurations = (
				6DA823F4282D02500060CA48 /* Debug */,
				6DA823F5282D02500060CA48 /* Release */,
			);
			defaultConfigurationIsVisible = 0;
			defaultConfigurationName = Release;
		};
		6DA823F6282D02500060CA48 /* Build configuration list for PBXNativeTarget "AS_09_word" */ = {
			isa = XCConfigurationList;
			buildConfigurations = (
				6DA823F7282D02500060CA48 /* Debug */,
				6DA823F8282D02500060CA48 /* Release */,
			);
			defaultConfigurationIsVisible = 0;
			defaultConfigurationName = Release;
		};
/* End XCConfigurationList section */
	};
	rootObject = 6DA823DA282D02500060CA48 /* Project object */;
}
